
Microsoft Visual Studio Solution File, Format Version 12.00
# Visual Studio Version 17
VisualStudioVersion = 17.0.32112.339
MinimumVisualStudioVersion = 10.0.40219.1
Project("{8BC9CEB8-8B4A-11D0-8D11-00A0C91BC942}") = "ZuneCraftVS2022", "ZuneCraft\ZuneCraftVS2022.vcxproj", "{0042E41F-EF51-4BF2-A9EF-AB23525FF119}"
EndProject
Global
	GlobalSection(SolutionConfigurationPlatforms) = preSolution
		Debug|x64 = Debug|x64
		Release|x64 = Release|x64
	EndGlobalSection
	GlobalSection(ProjectConfigurationPlatforms) = postSolution
		{0042E41F-EF51-4BF2-A9EF-AB23525FF119}.Debug|x64.ActiveCfg = Debug|x64
		{0042E41F-EF51-4BF2-A9EF-AB23525FF119}.Debug|x64.Build.0 = Debug|x64
		{0042E41F-EF51-4BF2-A9EF-AB23525FF119}.Release|x64.ActiveCfg = Release|x64
		{0042E41F-EF51-4BF2-A9EF-AB23525FF119}.Release|x64.Build.0 = Release|x64
	EndGlobalSection
	GlobalSection(SolutionProperties) = preSolution
		HideSolutionNode = FALSE
	EndGlobalSection
	GlobalSection(ExtensibilityGlobals) = postSolution
		SolutionGuid = {ABB68714-C54C-4B0B-A4DD-119F2A189C15}
	EndGlobalSection
EndGlobal
